{
  "name": "03-map-app",
  "lockfileVersion": 2,
  "requires": true,
  "packages": {
    "": {
      "devDependencies": {
        "@faker-js/faker": "^6.0.0-alpha.6",
        "typescript": "^4.5.5"
      }
    },
    "node_modules/@faker-js/faker": {
      "version": "6.0.0-alpha.6",
      "resolved": "https://registry.npmjs.org/@faker-js/faker/-/faker-6.0.0-alpha.6.tgz",
      "integrity": "sha512-+jatKq8wYwOgCpVQ0wE4t9BglS16qJH/Nu4WjPU+ABTywivTY8BCsD1XIZhw9iXDq3t1InyiXmz+R70TcUMbrg==",
      "dev": true,
      "engines": {
        "node": ">=14.0.0",
        "npm": ">=7.0.0"
      }
    },
    "node_modules/typescript": {
      "version": "4.5.5",
      "resolved": "https://registry.npmjs.org/typescript/-/typescript-4.5.5.tgz",
      "integrity": "sha512-TCTIul70LyWe6IJWT8QSYeA54WQe8EjQFU4wY52Fasj5UKx88LNYKCgBEHcOMOrFF1rKGbD8v/xcNWVUq9SymA==",
      "dev": true,
      "bin": {
        "tsc": "bin/tsc",
        "tsserver": "bin/tsserver"
      },
      "engines": {
        "node": ">=4.2.0"
      }
    }
  },
  "dependencies": {
    "@faker-js/faker": {
      "version": "6.0.0-alpha.6",
      "resolved": "https://registry.npmjs.org/@faker-js/faker/-/faker-6.0.0-alpha.6.tgz",
      "integrity": "sha512-+jatKq8wYwOgCpVQ0wE4t9BglS16qJH/Nu4WjPU+ABTywivTY8BCsD1XIZhw9iXDq3t1InyiXmz+R70TcUMbrg==",
      "dev": true
    },
    "typescript": {
      "version": "4.5.5",
      "resolved": "https://registry.npmjs.org/typescript/-/typescript-4.5.5.tgz",
      "integrity": "sha512-TCTIul70LyWe6IJWT8QSYeA54WQe8EjQFU4wY52Fasj5UKx88LNYKCgBEHcOMOrFF1rKGbD8v/xcNWVUq9SymA==",
      "dev": true
    }
  }
}
